// !$*UTF8*$!
{
	archiveVersion = 1;
	classes = {
	};
	objectVersion = 48;
	objects = {

/* Begin PBXBuildFile section */
		89E42B672412308E00232967 /* Concentration.swift in Sources */ = {isa = PBXBuildFile; fileRef = 89E42B662412308E00232967 /* Concentration.swift */; };
		89E42B692412314800232967 /* Card.swift in Sources */ = {isa = PBXBuildFile; fileRef = 89E42B682412314800232967 /* Card.swift */; };
		89EDE85F23EC5ED60088FDA1 /* AppDelegate.swift in Sources */ = {isa = PBXBuildFile; fileRef = 89EDE85E23EC5ED60088FDA1 /* AppDelegate.swift */; };
		89EDE86123EC5ED60088FDA1 /* ViewController.swift in Sources */ = {isa = PBXBuildFile; fileRef = 89EDE86023EC5ED60088FDA1 /* ViewController.swift */; };
		89EDE86423EC5ED60088FDA1 /* Main.storyboard in Resources */ = {isa = PBXBuildFile; fileRef = 89EDE86223EC5ED60088FDA1 /* Main.storyboard */; };
		89EDE86623EC5ED60088FDA1 /* Assets.xcassets in Resources */ = {isa = PBXBuildFile; fileRef = 89EDE86523EC5ED60088FDA1 /* Assets.xcassets */; };
		89EDE86923EC5ED60088FDA1 /* LaunchScreen.storyboard in Resources */ = {isa = PBXBuildFile; fileRef = 89EDE86723EC5ED60088FDA1 /* LaunchScreen.storyboard */; };
/* End PBXBuildFile section */

/* Begin PBXFileReference section */
		89E42B662412308E00232967 /* Concentration.swift */ = {isa = PBXFileReference; lastKnownFileType = sourcecode.swift; path = Concentration.swift; sourceTree = "<group>"; };
		89E42B682412314800232967 /* Card.swift */ = {isa = PBXFileReference; lastKnownFileType = sourcecode.swift; path = Card.swift; sourceTree = "<group>"; };
		89EDE85B23EC5ED60088FDA1 /* concenration.app */ = {isa = PBXFileReference; explicitFileType = wrapper.application; includeInIndex = 0; path = concenration.app; sourceTree = BUILT_PRODUCTS_DIR; };
		89EDE85E23EC5ED60088FDA1 /* AppDelegate.swift */ = {isa = PBXFileReference; lastKnownFileType = sourcecode.swift; path = AppDelegate.swift; sourceTree = "<group>"; };
		89EDE86023EC5ED60088FDA1 /* ViewController.swift */ = {isa = PBXFileReference; lastKnownFileType = sourcecode.swift; path = ViewController.swift; sourceTree = "<group>"; };
		89EDE86323EC5ED60088FDA1 /* Base */ = {isa = PBXFileReference; lastKnownFileType = file.storyboard; name = Base; path = Base.lproj/Main.storyboard; sourceTree = "<group>"; };
		89EDE86523EC5ED60088FDA1 /* Assets.xcassets */ = {isa = PBXFileReference; lastKnownFileType = folder.assetcatalog; path = Assets.xcassets; sourceTree = "<group>"; };
		89EDE86823EC5ED60088FDA1 /* Base */ = {isa = PBXFileReference; lastKnownFileType = file.storyboard; name = Base; path = Base.lproj/LaunchScreen.storyboard; sourceTree = "<group>"; };
		89EDE86A23EC5ED60088FDA1 /* Info.plist */ = {isa = PBXFileReference; lastKnownFileType = text.plist.xml; path = Info.plist; sourceTree = "<group>"; };
/* End PBXFileReference section */

/* Begin PBXFrameworksBuildPhase section */
		89EDE85823EC5ED60088FDA1 /* Frameworks */ = {
			isa = PBXFrameworksBuildPhase;
			buildActionMask = 2147483647;
			files = (
			);
			runOnlyForDeploymentPostprocessing = 0;
		};
/* End PBXFrameworksBuildPhase section */

/* Begin PBXGroup section */
		89EDE85223EC5ED60088FDA1 = {
			isa = PBXGroup;
			children = (
				89EDE85D23EC5ED60088FDA1 /* concenration */,
				89EDE85C23EC5ED60088FDA1 /* Products */,
			);
			sourceTree = "<group>";
		};
		89EDE85C23EC5ED60088FDA1 /* Products */ = {
			isa = PBXGroup;
			children = (
				89EDE85B23EC5ED60088FDA1 /* concenration.app */,
			);
			name = Products;
			sourceTree = "<group>";
		};
		89EDE85D23EC5ED60088FDA1 /* concenration */ = {
			isa = PBXGroup;
			children = (
				89EDE87023EC60470088FDA1 /* Supporting files */,
				89EDE86023EC5ED60088FDA1 /* ViewController.swift */,
				89EDE86223EC5ED60088FDA1 /* Main.storyboard */,
				89E42B662412308E00232967 /* Concentration.swift */,
				89E42B682412314800232967 /* Card.swift */,
				89EDE86A23EC5ED60088FDA1 /* Info.plist */,
			);
			path = concenration;
			sourceTree = "<group>";
		};
		89EDE87023EC60470088FDA1 /* Supporting files */ = {
			isa = PBXGroup;
			children = (
				89EDE85E23EC5ED60088FDA1 /* AppDelegate.swift */,
				89EDE86523EC5ED60088FDA1 /* Assets.xcassets */,
				89EDE86723EC5ED60088FDA1 /* LaunchScreen.storyboard */,
			);
			path = "Supporting files";
			sourceTree = "<group>";
		};
/* End PBXGroup section */

/* Begin PBXNativeTarget section */
		89EDE85A23EC5ED60088FDA1 /* concenration */ = {
			isa = PBXNativeTarget;
			buildConfigurationList = 89EDE86D23EC5ED60088FDA1 /* Build configuration list for PBXNativeTarget "concenration" */;
			buildPhases = (
				89EDE85723EC5ED60088FDA1 /* Sources */,
				89EDE85823EC5ED60088FDA1 /* Frameworks */,
				89EDE85923EC5ED60088FDA1 /* Resources */,
			);
			buildRules = (
			);
			dependencies = (
			);
			name = concenration;
			productName = concenration;
			productReference = 89EDE85B23EC5ED60088FDA1 /* concenration.app */;
			productType = "com.apple.product-type.application";
		};
/* End PBXNativeTarget section */

/* Begin PBXProject section */
		89EDE85323EC5ED60088FDA1 /* Project object */ = {
			isa = PBXProject;
			attributes = {
				LastSwiftUpdateCheck = 0920;
				LastUpgradeCheck = 0920;
				ORGANIZATIONNAME = DariaEla;
				TargetAttributes = {
					89EDE85A23EC5ED60088FDA1 = {
						CreatedOnToolsVersion = 9.2;
						ProvisioningStyle = Automatic;
					};
				};
			};
			buildConfigurationList = 89EDE85623EC5ED60088FDA1 /* Build configuration list for PBXProject "concenration" */;
			compatibilityVersion = "Xcode 8.0";
			developmentRegion = en;
			hasScannedForEncodings = 0;
			knownRegions = (
				en,
				Base,
			);
			mainGroup = 89EDE85223EC5ED60088FDA1;
			productRefGroup = 89EDE85C23EC5ED60088FDA1 /* Products */;
			projectDirPath = "";
			projectRoot = "";
			targets = (
				89EDE85A23EC5ED60088FDA1 /* concenration */,
			);
		};
/* End PBXProject section */

/* Begin PBXResourcesBuildPhase section */
		89EDE85923EC5ED60088FDA1 /* Resources */ = {
			isa = PBXResourcesBuildPhase;
			buildActionMask = 2147483647;
			files = (
				89EDE86923EC5ED60088FDA1 /* LaunchScreen.storyboard in Resources */,
				89EDE86623EC5ED60088FDA1 /* Assets.xcassets in Resources */,
				89EDE86423EC5ED60088FDA1 /* Main.storyboard in Resources */,
			);
			runOnlyForDeploymentPostprocessing = 0;
		};
/* End PBXResourcesBuildPhase section */

/* Begin PBXSourcesBuildPhase section */
		89EDE85723EC5ED60088FDA1 /* Sources */ = {
			isa = PBXSourcesBuildPhase;
			buildActionMask = 2147483647;
			files = (
				89EDE86123EC5ED60088FDA1 /* ViewController.swift in Sources */,
				89EDE85F23EC5ED60088FDA1 /* AppDelegate.swift in Sources */,
				89E42B672412308E00232967 /* Concentration.swift in Sources */,
				89E42B692412314800232967 /* Card.swift in Sources */,
			);
			runOnlyForDeploymentPostprocessing = 0;
		};
/* End PBXSourcesBuildPhase section */

/* Begin PBXVariantGroup section */
		89EDE86223EC5ED60088FDA1 /* Main.storyboard */ = {
			isa = PBXVariantGroup;
			children = (
				89EDE86323EC5ED60088FDA1 /* Base */,
			);
			name = Main.storyboard;
			sourceTree = "<group>";
		};
		89EDE86723EC5ED60088FDA1 /* LaunchScreen.storyboard */ = {
			isa = PBXVariantGroup;
			children = (
				89EDE86823EC5ED60088FDA1 /* Base */,
			);
			name = LaunchScreen.storyboard;
			sourceTree = "<group>";
		};
/* End PBXVariantGroup section */

/* Begin XCBuildConfiguration section */
		89EDE86B23EC5ED60088FDA1 /* Debug */ = {
			isa = XCBuildConfiguration;
			buildSettings = {
				ALWAYS_SEARCH_USER_PATHS = NO;
				CLANG_ANALYZER_NONNULL = YES;
				CLANG_ANALYZER_NUMBER_OBJECT_CONVERSION = YES_AGGRESSIVE;
				CLANG_CXX_LANGUAGE_STANDARD = "gnu++14";
				CLANG_CXX_LIBRARY = "libc++";
				CLANG_ENABLE_MODULES = YES;
				CLANG_ENABLE_OBJC_ARC = YES;
				CLANG_WARN_BLOCK_CAPTURE_AUTORELEASING = YES;
				CLANG_WARN_BOOL_CONVERSION = YES;
				CLANG_WARN_COMMA = YES;
				CLANG_WARN_CONSTANT_CONVERSION = YES;
				CLANG_WARN_DIRECT_OBJC_ISA_USAGE = YES_ERROR;
				CLANG_WARN_DOCUMENTATION_COMMENTS = YES;
				CLANG_WARN_EMPTY_BODY = YES;
				CLANG_WARN_ENUM_CONVERSION = YES;
				CLANG_WARN_INFINITE_RECURSION = YES;
				CLANG_WARN_INT_CONVERSION = YES;
				CLANG_WARN_NON_LITERAL_NULL_CONVERSION = YES;
				CLANG_WARN_OBJC_LITERAL_CONVERSION = YES;
				CLANG_WARN_OBJC_ROOT_CLASS = YES_ERROR;
				CLANG_WARN_RANGE_LOOP_ANALYSIS = YES;
				CLANG_WARN_STRICT_PROTOTYPES = YES;
				CLANG_WARN_SUSPICIOUS_MOVE = YES;
				CLANG_WARN_UNGUARDED_AVAILABILITY = YES_AGGRESSIVE;
				CLANG_WARN_UNREACHABLE_CODE = YES;
				CLANG_WARN__DUPLICATE_METHOD_MATCH = YES;
				CODE_SIGN_IDENTITY = "iPhone Developer";
				COPY_PHASE_STRIP = NO;
				DEBUG_INFORMATION_FORMAT = dwarf;
				ENABLE_STRICT_OBJC_MSGSEND = YES;
				ENABLE_TESTABILITY = YES;
				GCC_C_LANGUAGE_STANDARD = gnu11;
				GCC_DYNAMIC_NO_PIC = NO;
				GCC_NO_COMMON_BLOCKS = YES;
				GCC_OPTIMIZATION_LEVEL = 0;
				GCC_PREPROCESSOR_DEFINITIONS = (
					"DEBUG=1",
					"$(inherited)",
				);
				GCC_WARN_64_TO_32_BIT_CONVERSION = YES;
				GCC_WARN_ABOUT_RETURN_TYPE = YES_ERROR;
				GCC_WARN_UNDECLARED_SELECTOR = YES;
				GCC_WARN_UNINITIALIZED_AUTOS = YES_AGGRESSIVE;
				GCC_WARN_UNUSED_FUNCTION = YES;
				GCC_WARN_UNUSED_VARIABLE = YES;
				IPHONEOS_DEPLOYMENT_TARGET = 11.2;
				MTL_ENABLE_DEBUG_INFO = YES;
				ONLY_ACTIVE_ARCH = YES;
				SDKROOT = iphoneos;
				SWIFT_ACTIVE_COMPILATION_CONDITIONS = DEBUG;
				SWIFT_OPTIMIZATION_LEVEL = "-Onone";
			};
			name = Debug;
		};
		89EDE86C23EC5ED60088FDA1 /* Release */ = {
			isa = XCBuildConfiguration;
			buildSettings = {
				ALWAYS_SEARCH_USER_PATHS = NO;
				CLANG_ANALYZER_NONNULL = YES;
				CLANG_ANALYZER_NUMBER_OBJECT_CONVERSION = YES_AGGRESSIVE;
				CLANG_CXX_LANGUAGE_STANDARD = "gnu++14";
				CLANG_CXX_LIBRARY = "libc++";
				CLANG_ENABLE_MODULES = YES;
				CLANG_ENABLE_OBJC_ARC = YES;
				CLANG_WARN_BLOCK_CAPTURE_AUTORELEASING = YES;
				CLANG_WARN_BOOL_CONVERSION = YES;
				CLANG_WARN_COMMA = YES;
				CLANG_WARN_CONSTANT_CONVERSION = YES;
				CLANG_WARN_DIRECT_OBJC_ISA_USAGE = YES_ERROR;
				CLANG_WARN_DOCUMENTATION_COMMENTS = YES;
				CLANG_WARN_EMPTY_BODY = YES;
				CLANG_WARN_ENUM_CONVERSION = YES;
				CLANG_WARN_INFINITE_RECURSION = YES;
				CLANG_WARN_INT_CONVERSION = YES;
				CLANG_WARN_NON_LITERAL_NULL_CONVERSION = YES;
				CLANG_WARN_OBJC_LITERAL_CONVERSION = YES;
				CLANG_WARN_OBJC_ROOT_CLASS = YES_ERROR;
				CLANG_WARN_RANGE_LOOP_ANALYSIS = YES;
				CLANG_WARN_STRICT_PROTOTYPES = YES;
				CLANG_WARN_SUSPICIOUS_MOVE = YES;
				CLANG_WARN_UNGUARDED_AVAILABILITY = YES_AGGRESSIVE;
				CLANG_WARN_UNREACHABLE_CODE = YES;
				CLANG_WARN__DUPLICATE_METHOD_MATCH = YES;
				CODE_SIGN_IDENTITY = "iPhone Developer";
				COPY_PHASE_STRIP = NO;
				DEBUG_INFORMATION_FORMAT = "dwarf-with-dsym";
				ENABLE_NS_ASSERTIONS = NO;
				ENABLE_STRICT_OBJC_MSGSEND = YES;
				GCC_C_LANGUAGE_STANDARD = gnu11;
				GCC_NO_COMMON_BLOCKS = YES;
				GCC_WARN_64_TO_32_BIT_CONVERSION = YES;
				GCC_WARN_ABOUT_RETURN_TYPE = YES_ERROR;
				GCC_WARN_UNDECLARED_SELECTOR = YES;
				GCC_WARN_UNINITIALIZED_AUTOS = YES_AGGRESSIVE;
				GCC_WARN_UNUSED_FUNCTION = YES;
				GCC_WARN_UNUSED_VARIABLE = YES;
				IPHONEOS_DEPLOYMENT_TARGET = 11.2;
				MTL_ENABLE_DEBUG_INFO = NO;
				SDKROOT = iphoneos;
				SWIFT_OPTIMIZATION_LEVEL = "-Owholemodule";
				VALIDATE_PRODUCT = YES;
			};
			name = Release;
		};
		89EDE86E23EC5ED60088FDA1 /* Debug */ = {
			isa = XCBuildConfiguration;
			buildSettings = {
				ASSETCATALOG_COMPILER_APPICON_NAME = AppIcon;
				CODE_SIGN_STYLE = Automatic;
				DEVELOPMENT_TEAM = 27855ZX5U8;
				INFOPLIST_FILE = concenration/Info.plist;
				LD_RUNPATH_SEARCH_PATHS = "$(inherited) @executable_path/Frameworks";
				PRODUCT_BUNDLE_IDENTIFIER = Xcode.concenration;
				PRODUCT_NAME = "$(TARGET_NAME)";
				SWIFT_VERSION = 4.0;
				TARGETED_DEVICE_FAMILY = "1,2";
			};
			name = Debug;
		};
		89EDE86F23EC5ED60088FDA1 /* Release */ = {
			isa = XCBuildConfiguration;
			buildSettings = {
				ASSETCATALOG_COMPILER_APPICON_NAME = AppIcon;
				CODE_SIGN_STYLE = Automatic;
				DEVELOPMENT_TEAM = 27855ZX5U8;
				INFOPLIST_FILE = concenration/Info.plist;
				LD_RUNPATH_SEARCH_PATHS = "$(inherited) @executable_path/Frameworks";
				PRODUCT_BUNDLE_IDENTIFIER = Xcode.concenration;
				PRODUCT_NAME = "$(TARGET_NAME)";
				SWIFT_VERSION = 4.0;
				TARGETED_DEVICE_FAMILY = "1,2";
			};
			name = Release;
		};
/* End XCBuildConfiguration section */

/* Begin XCConfigurationList section */
		89EDE85623EC5ED60088FDA1 /* Build configuration list for PBXProject "concenration" */ = {
			isa = XCConfigurationList;
			buildConfigurations = (
				89EDE86B23EC5ED60088FDA1 /* Debug */,
				89EDE86C23EC5ED60088FDA1 /* Release */,
			);
			defaultConfigurationIsVisible = 0;
			defaultConfigurationName = Release;
		};
		89EDE86D23EC5ED60088FDA1 /* Build configuration list for PBXNativeTarget "concenration" */ = {
			isa = XCConfigurationList;
			buildConfigurations = (
				89EDE86E23EC5ED60088FDA1 /* Debug */,
				89EDE86F23EC5ED60088FDA1 /* Release */,
			);
			defaultConfigurationIsVisible = 0;
			defaultConfigurationName = Release;
		};
/* End XCConfigurationList section */
	};
	rootObject = 89EDE85323EC5ED60088FDA1 /* Project object */;
}
